
Microsoft Visual Studio Solution File, Format Version 12.00
# Visual Studio Version 16
VisualStudioVersion = 16.0.30523.141
MinimumVisualStudioVersion = 10.0.40219.1
Project("{FAE04EC0-301F-11D3-BF4B-00C04F79EFBC}") = "WireSharkApp", "WireSharkApp\WireSharkApp.csproj", "{E6C002D8-DF6D-4677-B84B-8213EE49931A}"
EndProject
Global
	GlobalSection(SolutionConfigurationPlatforms) = preSolution
		Debug|Any CPU = Debug|Any CPU
		Release|Any CPU = Release|Any CPU
	EndGlobalSection
	GlobalSection(ProjectConfigurationPlatforms) = postSolution
		{E6C002D8-DF6D-4677-B84B-8213EE49931A}.Debug|Any CPU.ActiveCfg = Debug|Any CPU
		{E6C002D8-DF6D-4677-B84B-8213EE49931A}.Debug|Any CPU.Build.0 = Debug|Any CPU
		{E6C002D8-DF6D-4677-B84B-8213EE49931A}.Release|Any CPU.ActiveCfg = Release|Any CPU
		{E6C002D8-DF6D-4677-B84B-8213EE49931A}.Release|Any CPU.Build.0 = Release|Any CPU
	EndGlobalSection
	GlobalSection(SolutionProperties) = preSolution
		HideSolutionNode = FALSE
	EndGlobalSection
	GlobalSection(ExtensibilityGlobals) = postSolution
		SolutionGuid = {C42BF18C-F243-4517-A9B8-94CC2A9E1846}
	EndGlobalSection
EndGlobal
